
Microsoft Visual Studio Solution File, Format Version 12.00
# Visual Studio Version 17
VisualStudioVersion = 17.14.37111.16
MinimumVisualStudioVersion = 10.0.40219.1
Project("{FAE04EC0-301F-11D3-BF4B-00C04F79EFBC}") = "PL", "PL\PL.csproj", "{1CAE4429-E744-4803-A9B6-E0E4CD5EA3AE}"
EndProject
Project("{FAE04EC0-301F-11D3-BF4B-00C04F79EFBC}") = "BLL", "BLL\BLL.csproj", "{623BCA44-8B28-445B-9DA6-98627B16FEF5}"
EndProject
Project("{FAE04EC0-301F-11D3-BF4B-00C04F79EFBC}") = "DAL", "DAL\DAL.csproj", "{D8C8D8A2-BB61-443A-AFA0-C3B4AFAA8EE8}"
EndProject
Global
	GlobalSection(SolutionConfigurationPlatforms) = preSolution
		Debug|Any CPU = Debug|Any CPU
		Release|Any CPU = Release|Any CPU
	EndGlobalSection
	GlobalSection(ProjectConfigurationPlatforms) = postSolution
		{1CAE4429-E744-4803-A9B6-E0E4CD5EA3AE}.Debug|Any CPU.ActiveCfg = Debug|Any CPU
		{1CAE4429-E744-4803-A9B6-E0E4CD5EA3AE}.Debug|Any CPU.Build.0 = Debug|Any CPU
		{1CAE4429-E744-4803-A9B6-E0E4CD5EA3AE}.Release|Any CPU.ActiveCfg = Release|Any CPU
		{1CAE4429-E744-4803-A9B6-E0E4CD5EA3AE}.Release|Any CPU.Build.0 = Release|Any CPU
		{623BCA44-8B28-445B-9DA6-98627B16FEF5}.Debug|Any CPU.ActiveCfg = Debug|Any CPU
		{623BCA44-8B28-445B-9DA6-98627B16FEF5}.Debug|Any CPU.Build.0 = Debug|Any CPU
		{623BCA44-8B28-445B-9DA6-98627B16FEF5}.Release|Any CPU.ActiveCfg = Release|Any CPU
		{623BCA44-8B28-445B-9DA6-98627B16FEF5}.Release|Any CPU.Build.0 = Release|Any CPU
		{D8C8D8A2-BB61-443A-AFA0-C3B4AFAA8EE8}.Debug|Any CPU.ActiveCfg = Debug|Any CPU
		{D8C8D8A2-BB61-443A-AFA0-C3B4AFAA8EE8}.Debug|Any CPU.Build.0 = Debug|Any CPU
		{D8C8D8A2-BB61-443A-AFA0-C3B4AFAA8EE8}.Release|Any CPU.ActiveCfg = Release|Any CPU
		{D8C8D8A2-BB61-443A-AFA0-C3B4AFAA8EE8}.Release|Any CPU.Build.0 = Release|Any CPU
	EndGlobalSection
	GlobalSection(SolutionProperties) = preSolution
		HideSolutionNode = FALSE
	EndGlobalSection
	GlobalSection(ExtensibilityGlobals) = postSolution
		SolutionGuid = {DEA36A13-7561-4B5E-890B-9BC052034D76}
	EndGlobalSection
EndGlobal
